# this file should be autogenerated, but instead was crafted with love

[[projects]]
  name = "gitpub.com/food/salad"
  packages = ["."]
  revision = "8b100cedd15d96a9ba0f4e48fd852d21b93b0f33"
  version = "v1.3.7"

[[projects]]
  name = "gitpub.com/nature/vegetables"
  packages = ["tomato", "cucamba"]
  revision = "b6ffb7d62206806b573348160795ea16a00940a6"

[[projects]]
  name = "gitpub.com/meal/dinner"
  packages = ["."]
  revision = "2ebf14b5ac2969032b6c7f6f3e9ff1b2a8db0075"
  version = "v0.0.7"

